PODS:
  - Flutter (1.0.0)
  - gaimon (0.0.1):
    - Flutter

DEPENDENCIES:
  - Flutter (from `Flutter`)
  - gaimon (from `.symlinks/plugins/gaimon/ios`)

EXTERNAL SOURCES:
  Flutter:
    :path: Flutter
  gaimon:
    :path: ".symlinks/plugins/gaimon/ios"

SPEC CHECKSUMS:
  Flutter: 50d75fe2f02b26cc09d224853bb45737f8b3214a
  gaimon: 7688c586f38dcc4782e6fe26f648057d280a9d8b

PODFILE CHECKSUM: aafe91acc616949ddb318b77800a7f51bffa2a4c

COCOAPODS: 1.11.2
